
Microsoft Visual Studio Solution File, Format Version 12.00
# Visual Studio Version 17
VisualStudioVersion = 17.8.34330.188
MinimumVisualStudioVersion = 10.0.40219.1
Project("{FAE04EC0-301F-11D3-BF4B-00C04F79EFBC}") = "MathGame_Server", "MathGame_Server\MathGame_Server.csproj", "{7B27DAD5-6252-40B0-8C17-702DF9C73B19}"
EndProject
Project("{FAE04EC0-301F-11D3-BF4B-00C04F79EFBC}") = "MathGame_Client", "MathGame_Client\MathGame_Client.csproj", "{E38B167C-1E4B-43BC-96C0-E1AD99FFA40F}"
EndProject
Global
	GlobalSection(SolutionConfigurationPlatforms) = preSolution
		Debug|Any CPU = Debug|Any CPU
		Release|Any CPU = Release|Any CPU
	EndGlobalSection
	GlobalSection(ProjectConfigurationPlatforms) = postSolution
		{7B27DAD5-6252-40B0-8C17-702DF9C73B19}.Debug|Any CPU.ActiveCfg = Debug|Any CPU
		{7B27DAD5-6252-40B0-8C17-702DF9C73B19}.Debug|Any CPU.Build.0 = Debug|Any CPU
		{7B27DAD5-6252-40B0-8C17-702DF9C73B19}.Release|Any CPU.ActiveCfg = Release|Any CPU
		{7B27DAD5-6252-40B0-8C17-702DF9C73B19}.Release|Any CPU.Build.0 = Release|Any CPU
		{E38B167C-1E4B-43BC-96C0-E1AD99FFA40F}.Debug|Any CPU.ActiveCfg = Debug|Any CPU
		{E38B167C-1E4B-43BC-96C0-E1AD99FFA40F}.Debug|Any CPU.Build.0 = Debug|Any CPU
		{E38B167C-1E4B-43BC-96C0-E1AD99FFA40F}.Release|Any CPU.ActiveCfg = Release|Any CPU
		{E38B167C-1E4B-43BC-96C0-E1AD99FFA40F}.Release|Any CPU.Build.0 = Release|Any CPU
	EndGlobalSection
	GlobalSection(SolutionProperties) = preSolution
		HideSolutionNode = FALSE
	EndGlobalSection
	GlobalSection(ExtensibilityGlobals) = postSolution
		SolutionGuid = {07F6D5B8-A9B4-4096-9E6F-B79113129559}
	EndGlobalSection
EndGlobal
